
Microsoft Visual Studio Solution File, Format Version 12.00
# Visual Studio Version 16
VisualStudioVersion = 16.0.29519.87
MinimumVisualStudioVersion = 10.0.40219.1
Project("{FAE04EC0-301F-11D3-BF4B-00C04F79EFBC}") = "ASP-MVC-API-tutorial", "ASP-MVC-API-tutorial.csproj", "{3EFF5D1B-9D14-4CA9-B16B-44362A4064B2}"
EndProject
Global
	GlobalSection(SolutionConfigurationPlatforms) = preSolution
		Debug|Any CPU = Debug|Any CPU
		Release|Any CPU = Release|Any CPU
	EndGlobalSection
	GlobalSection(ProjectConfigurationPlatforms) = postSolution
		{3EFF5D1B-9D14-4CA9-B16B-44362A4064B2}.Debug|Any CPU.ActiveCfg = Debug|Any CPU
		{3EFF5D1B-9D14-4CA9-B16B-44362A4064B2}.Debug|Any CPU.Build.0 = Debug|Any CPU
		{3EFF5D1B-9D14-4CA9-B16B-44362A4064B2}.Release|Any CPU.ActiveCfg = Release|Any CPU
		{3EFF5D1B-9D14-4CA9-B16B-44362A4064B2}.Release|Any CPU.Build.0 = Release|Any CPU
	EndGlobalSection
	GlobalSection(SolutionProperties) = preSolution
		HideSolutionNode = FALSE
	EndGlobalSection
	GlobalSection(ExtensibilityGlobals) = postSolution
		SolutionGuid = {0200F360-E998-4A0C-A383-60227DB43A04}
	EndGlobalSection
EndGlobal
